Microsoft Visual Studio Solution File, Format Version 12.00
# Visual Studio Version 17
VisualStudioVersion = 17.12.35417.141
MinimumVisualStudioVersion = 10.0.40219.1
Project("{2150E333-8FDC-42A3-9474-1A3956D46DE8}") = ".config", ".config", "{618777EA-6681-4669-A903-DF9F8BAB486C}"
	ProjectSection(SolutionItems) = preProject
		Directory.Build.props = Directory.Build.props
		Directory.Packages.props = Directory.Packages.props
		global.json = global.json
		LICENSE = LICENSE
		nuget.config = nuget.config
		README.md = README.md
	EndProjectSection
EndProject
Project("{2150E333-8FDC-42A3-9474-1A3956D46DE8}") = "src", "src", "{112277EA-A064-4DB4-B88F-6ABEE159E5A3}"
EndProject
Project("{2150E333-8FDC-42A3-9474-1A3956D46DE8}") = "test", "test", "{F2B6314B-6E4C-4AAB-B678-E48002490E2D}"
EndProject
Project("{FAE04EC0-301F-11D3-BF4B-00C04F79EFBC}") = "ResultTypes", "src\ResultTypes\ResultTypes.csproj", "{B5894D3C-904D-41CD-AACF-4924C969F01C}"
EndProject
Project("{FAE04EC0-301F-11D3-BF4B-00C04F79EFBC}") = "ResultTypes.Extensions.AspNetCore", "src\ResultTypes.Extensions.AspNetCore\ResultTypes.Extensions.AspNetCore.csproj", "{1C6CD6DB-2BD7-48D0-9FBF-2B2F5E31087E}"
EndProject
Project("{FAE04EC0-301F-11D3-BF4B-00C04F79EFBC}") = "ResultTypes.Extensions.MediatR", "src\ResultTypes.Extensions.MediatR\ResultTypes.Extensions.MediatR.csproj", "{F32295C0-CDA5-43F1-8E28-54ECA8820395}"
EndProject
Global
	GlobalSection(SolutionConfigurationPlatforms) = preSolution
		Debug|Any CPU = Debug|Any CPU
		Release|Any CPU = Release|Any CPU
	EndGlobalSection
	GlobalSection(ProjectConfigurationPlatforms) = postSolution
		{B5894D3C-904D-41CD-AACF-4924C969F01C}.Debug|Any CPU.ActiveCfg = Debug|Any CPU
		{B5894D3C-904D-41CD-AACF-4924C969F01C}.Debug|Any CPU.Build.0 = Debug|Any CPU
		{B5894D3C-904D-41CD-AACF-4924C969F01C}.Release|Any CPU.ActiveCfg = Release|Any CPU
		{B5894D3C-904D-41CD-AACF-4924C969F01C}.Release|Any CPU.Build.0 = Release|Any CPU
		{1C6CD6DB-2BD7-48D0-9FBF-2B2F5E31087E}.Debug|Any CPU.ActiveCfg = Debug|Any CPU
		{1C6CD6DB-2BD7-48D0-9FBF-2B2F5E31087E}.Debug|Any CPU.Build.0 = Debug|Any CPU
		{1C6CD6DB-2BD7-48D0-9FBF-2B2F5E31087E}.Release|Any CPU.ActiveCfg = Release|Any CPU
		{1C6CD6DB-2BD7-48D0-9FBF-2B2F5E31087E}.Release|Any CPU.Build.0 = Release|Any CPU
		{F32295C0-CDA5-43F1-8E28-54ECA8820395}.Debug|Any CPU.ActiveCfg = Debug|Any CPU
		{F32295C0-CDA5-43F1-8E28-54ECA8820395}.Debug|Any CPU.Build.0 = Debug|Any CPU
		{F32295C0-CDA5-43F1-8E28-54ECA8820395}.Release|Any CPU.ActiveCfg = Release|Any CPU
		{F32295C0-CDA5-43F1-8E28-54ECA8820395}.Release|Any CPU.Build.0 = Release|Any CPU
	EndGlobalSection
	GlobalSection(SolutionProperties) = preSolution
		HideSolutionNode = FALSE
	EndGlobalSection
	GlobalSection(NestedProjects) = preSolution
		{B5894D3C-904D-41CD-AACF-4924C969F01C} = {112277EA-A064-4DB4-B88F-6ABEE159E5A3}
		{1C6CD6DB-2BD7-48D0-9FBF-2B2F5E31087E} = {112277EA-A064-4DB4-B88F-6ABEE159E5A3}
		{F32295C0-CDA5-43F1-8E28-54ECA8820395} = {112277EA-A064-4DB4-B88F-6ABEE159E5A3}
	EndGlobalSection
EndGlobal
